
Microsoft Visual Studio Solution File, Format Version 12.00
# Visual Studio Version 17
VisualStudioVersion = 17.14.36310.24 d17.14
MinimumVisualStudioVersion = 10.0.40219.1
Project("{FAE04EC0-301F-11D3-BF4B-00C04F79EFBC}") = "FileBrowser.Api", "FileBrowser.Api\FileBrowser.Api.csproj", "{F1CEB0E0-7444-4522-A62B-CF11969D903F}"
EndProject
Project("{FAE04EC0-301F-11D3-BF4B-00C04F79EFBC}") = "FileBrowser.Core", "FileBrowser.Core\FileBrowser.Core.csproj", "{43F6FC3B-0958-430E-A243-D0C95EB1F974}"
EndProject
Project("{FAE04EC0-301F-11D3-BF4B-00C04F79EFBC}") = "FileBrowser.Data", "FileBrowser.Data\FileBrowser.Data.csproj", "{4198ED45-FA99-446D-89DB-0700FCFEC3D3}"
EndProject
Project("{FAE04EC0-301F-11D3-BF4B-00C04F79EFBC}") = "FileBrowser.Services", "FileBrowser.Services\FileBrowser.Services.csproj", "{23377A2C-38E4-496D-8911-1DFD8D97B79F}"
EndProject
Global
	GlobalSection(SolutionConfigurationPlatforms) = preSolution
		Debug|Any CPU = Debug|Any CPU
		Release|Any CPU = Release|Any CPU
	EndGlobalSection
	GlobalSection(ProjectConfigurationPlatforms) = postSolution
		{F1CEB0E0-7444-4522-A62B-CF11969D903F}.Debug|Any CPU.ActiveCfg = Debug|Any CPU
		{F1CEB0E0-7444-4522-A62B-CF11969D903F}.Debug|Any CPU.Build.0 = Debug|Any CPU
		{F1CEB0E0-7444-4522-A62B-CF11969D903F}.Release|Any CPU.ActiveCfg = Release|Any CPU
		{F1CEB0E0-7444-4522-A62B-CF11969D903F}.Release|Any CPU.Build.0 = Release|Any CPU
		{43F6FC3B-0958-430E-A243-D0C95EB1F974}.Debug|Any CPU.ActiveCfg = Debug|Any CPU
		{43F6FC3B-0958-430E-A243-D0C95EB1F974}.Debug|Any CPU.Build.0 = Debug|Any CPU
		{43F6FC3B-0958-430E-A243-D0C95EB1F974}.Release|Any CPU.ActiveCfg = Release|Any CPU
		{43F6FC3B-0958-430E-A243-D0C95EB1F974}.Release|Any CPU.Build.0 = Release|Any CPU
		{4198ED45-FA99-446D-89DB-0700FCFEC3D3}.Debug|Any CPU.ActiveCfg = Debug|Any CPU
		{4198ED45-FA99-446D-89DB-0700FCFEC3D3}.Debug|Any CPU.Build.0 = Debug|Any CPU
		{4198ED45-FA99-446D-89DB-0700FCFEC3D3}.Release|Any CPU.ActiveCfg = Release|Any CPU
		{4198ED45-FA99-446D-89DB-0700FCFEC3D3}.Release|Any CPU.Build.0 = Release|Any CPU
		{23377A2C-38E4-496D-8911-1DFD8D97B79F}.Debug|Any CPU.ActiveCfg = Debug|Any CPU
		{23377A2C-38E4-496D-8911-1DFD8D97B79F}.Debug|Any CPU.Build.0 = Debug|Any CPU
		{23377A2C-38E4-496D-8911-1DFD8D97B79F}.Release|Any CPU.ActiveCfg = Release|Any CPU
		{23377A2C-38E4-496D-8911-1DFD8D97B79F}.Release|Any CPU.Build.0 = Release|Any CPU
	EndGlobalSection
	GlobalSection(SolutionProperties) = preSolution
		HideSolutionNode = FALSE
	EndGlobalSection
	GlobalSection(ExtensibilityGlobals) = postSolution
		SolutionGuid = {77D8D4FA-944E-442E-AF61-4950327E1E69}
	EndGlobalSection
EndGlobal
